
Microsoft Visual Studio Solution File, Format Version 12.00
# Visual Studio Version 17
VisualStudioVersion = 17.5.33530.505
MinimumVisualStudioVersion = 10.0.40219.1
Project("{9A19103F-16F7-4668-BE54-9A1E7A4F7556}") = "GoFast.API", "GoFast.API\GoFast.API.csproj", "{833E7004-77F2-450C-9072-6E11AE306133}"
EndProject
Project("{2150E333-8FDC-42A3-9474-1A3956D46DE8}") = "1 - Services", "1 - Services", "{F9C39554-8AE5-48A7-A128-AE8B837F1679}"
EndProject
Project("{2150E333-8FDC-42A3-9474-1A3956D46DE8}") = "0 - Tests", "0 - Tests", "{36059D87-6C1C-47F2-9D98-3DA3C8C41ABC}"
EndProject
Global
	GlobalSection(SolutionConfigurationPlatforms) = preSolution
		Debug|Any CPU = Debug|Any CPU
		Release|Any CPU = Release|Any CPU
	EndGlobalSection
	GlobalSection(ProjectConfigurationPlatforms) = postSolution
		{833E7004-77F2-450C-9072-6E11AE306133}.Debug|Any CPU.ActiveCfg = Debug|Any CPU
		{833E7004-77F2-450C-9072-6E11AE306133}.Debug|Any CPU.Build.0 = Debug|Any CPU
		{833E7004-77F2-450C-9072-6E11AE306133}.Release|Any CPU.ActiveCfg = Release|Any CPU
		{833E7004-77F2-450C-9072-6E11AE306133}.Release|Any CPU.Build.0 = Release|Any CPU
	EndGlobalSection
	GlobalSection(SolutionProperties) = preSolution
		HideSolutionNode = FALSE
	EndGlobalSection
	GlobalSection(NestedProjects) = preSolution
		{833E7004-77F2-450C-9072-6E11AE306133} = {F9C39554-8AE5-48A7-A128-AE8B837F1679}
	EndGlobalSection
	GlobalSection(ExtensibilityGlobals) = postSolution
		SolutionGuid = {C4189632-9F3D-476B-A334-FCF7089880DC}
	EndGlobalSection
EndGlobal
