
Microsoft Visual Studio Solution File, Format Version 12.00
# Visual Studio Version 17
VisualStudioVersion = 17.5.33530.505
MinimumVisualStudioVersion = 10.0.40219.1
Project("{9A19103F-16F7-4668-BE54-9A1E7A4F7556}") = "GoFast.API", "GoFast.API\GoFast.API.csproj", "{833E7004-77F2-450C-9072-6E11AE306133}"
EndProject
Project("{2150E333-8FDC-42A3-9474-1A3956D46DE8}") = "1 - Services", "1 - Services", "{F9C39554-8AE5-48A7-A128-AE8B837F1679}"
EndProject
Project("{2150E333-8FDC-42A3-9474-1A3956D46DE8}") = "2 - Application", "2 - Application", "{012CC094-FCA4-466E-A20A-4CA61168DE43}"
EndProject
Project("{2150E333-8FDC-42A3-9474-1A3956D46DE8}") = "3 - Domain", "3 - Domain", "{F1746A90-E25F-4719-B8F3-0F58D783DF51}"
EndProject
Project("{2150E333-8FDC-42A3-9474-1A3956D46DE8}") = "4 - Infrastructure", "4 - Infrastructure", "{D3170111-9222-43CC-9BC3-3F41ED37235A}"
EndProject
Project("{2150E333-8FDC-42A3-9474-1A3956D46DE8}") = "0 - Tests", "0 - Tests", "{36059D87-6C1C-47F2-9D98-3DA3C8C41ABC}"
EndProject
Project("{9A19103F-16F7-4668-BE54-9A1E7A4F7556}") = "GoFast.Application", "GoFast.Application\GoFast.Application.csproj", "{7DAC24CC-A7F6-45A3-9072-5540A8ECE6E2}"
EndProject
Project("{FAE04EC0-301F-11D3-BF4B-00C04F79EFBC}") = "GoFast.Domain", "GoFast.Domain\GoFast.Domain.csproj", "{3C176BE2-8279-4B0E-88D2-0F244D8D5542}"
EndProject
Project("{FAE04EC0-301F-11D3-BF4B-00C04F79EFBC}") = "GoFast.Domain.Core", "GoFast.Domain.Core\GoFast.Domain.Core.csproj", "{ABA149AF-CEF2-4365-B451-ECB894181C28}"
EndProject
Project("{FAE04EC0-301F-11D3-BF4B-00C04F79EFBC}") = "GoFast.Domain.Services", "GoFast.Domain.Services\GoFast.Domain.Services.csproj", "{04CF6774-E7DB-4A28-9FEB-90DCECB84BA8}"
EndProject
Project("{9A19103F-16F7-4668-BE54-9A1E7A4F7556}") = "GoFast.Infrastructure", "GoFast.Infrastructure\GoFast.Infrastructure.csproj", "{E385EA75-300D-4416-82F8-8EE501FCA056}"
EndProject
Project("{FAE04EC0-301F-11D3-BF4B-00C04F79EFBC}") = "Teste", "Teste\Teste.csproj", "{C53AA938-66D6-44FE-9E8D-CC917115BA62}"
EndProject
Global
	GlobalSection(SolutionConfigurationPlatforms) = preSolution
		Debug|Any CPU = Debug|Any CPU
		Release|Any CPU = Release|Any CPU
	EndGlobalSection
	GlobalSection(ProjectConfigurationPlatforms) = postSolution
		{833E7004-77F2-450C-9072-6E11AE306133}.Debug|Any CPU.ActiveCfg = Debug|Any CPU
		{833E7004-77F2-450C-9072-6E11AE306133}.Debug|Any CPU.Build.0 = Debug|Any CPU
		{833E7004-77F2-450C-9072-6E11AE306133}.Release|Any CPU.ActiveCfg = Release|Any CPU
		{833E7004-77F2-450C-9072-6E11AE306133}.Release|Any CPU.Build.0 = Release|Any CPU
		{7DAC24CC-A7F6-45A3-9072-5540A8ECE6E2}.Debug|Any CPU.ActiveCfg = Debug|Any CPU
		{7DAC24CC-A7F6-45A3-9072-5540A8ECE6E2}.Debug|Any CPU.Build.0 = Debug|Any CPU
		{7DAC24CC-A7F6-45A3-9072-5540A8ECE6E2}.Release|Any CPU.ActiveCfg = Release|Any CPU
		{7DAC24CC-A7F6-45A3-9072-5540A8ECE6E2}.Release|Any CPU.Build.0 = Release|Any CPU
		{3C176BE2-8279-4B0E-88D2-0F244D8D5542}.Debug|Any CPU.ActiveCfg = Debug|Any CPU
		{3C176BE2-8279-4B0E-88D2-0F244D8D5542}.Debug|Any CPU.Build.0 = Debug|Any CPU
		{3C176BE2-8279-4B0E-88D2-0F244D8D5542}.Release|Any CPU.ActiveCfg = Release|Any CPU
		{3C176BE2-8279-4B0E-88D2-0F244D8D5542}.Release|Any CPU.Build.0 = Release|Any CPU
		{ABA149AF-CEF2-4365-B451-ECB894181C28}.Debug|Any CPU.ActiveCfg = Debug|Any CPU
		{ABA149AF-CEF2-4365-B451-ECB894181C28}.Debug|Any CPU.Build.0 = Debug|Any CPU
		{ABA149AF-CEF2-4365-B451-ECB894181C28}.Release|Any CPU.ActiveCfg = Release|Any CPU
		{ABA149AF-CEF2-4365-B451-ECB894181C28}.Release|Any CPU.Build.0 = Release|Any CPU
		{04CF6774-E7DB-4A28-9FEB-90DCECB84BA8}.Debug|Any CPU.ActiveCfg = Debug|Any CPU
		{04CF6774-E7DB-4A28-9FEB-90DCECB84BA8}.Debug|Any CPU.Build.0 = Debug|Any CPU
		{04CF6774-E7DB-4A28-9FEB-90DCECB84BA8}.Release|Any CPU.ActiveCfg = Release|Any CPU
		{04CF6774-E7DB-4A28-9FEB-90DCECB84BA8}.Release|Any CPU.Build.0 = Release|Any CPU
		{E385EA75-300D-4416-82F8-8EE501FCA056}.Debug|Any CPU.ActiveCfg = Debug|Any CPU
		{E385EA75-300D-4416-82F8-8EE501FCA056}.Debug|Any CPU.Build.0 = Debug|Any CPU
		{E385EA75-300D-4416-82F8-8EE501FCA056}.Release|Any CPU.ActiveCfg = Release|Any CPU
		{E385EA75-300D-4416-82F8-8EE501FCA056}.Release|Any CPU.Build.0 = Release|Any CPU
		{C53AA938-66D6-44FE-9E8D-CC917115BA62}.Debug|Any CPU.ActiveCfg = Debug|Any CPU
		{C53AA938-66D6-44FE-9E8D-CC917115BA62}.Debug|Any CPU.Build.0 = Debug|Any CPU
		{C53AA938-66D6-44FE-9E8D-CC917115BA62}.Release|Any CPU.ActiveCfg = Release|Any CPU
		{C53AA938-66D6-44FE-9E8D-CC917115BA62}.Release|Any CPU.Build.0 = Release|Any CPU
	EndGlobalSection
	GlobalSection(SolutionProperties) = preSolution
		HideSolutionNode = FALSE
	EndGlobalSection
	GlobalSection(NestedProjects) = preSolution
		{833E7004-77F2-450C-9072-6E11AE306133} = {F9C39554-8AE5-48A7-A128-AE8B837F1679}
		{7DAC24CC-A7F6-45A3-9072-5540A8ECE6E2} = {012CC094-FCA4-466E-A20A-4CA61168DE43}
		{3C176BE2-8279-4B0E-88D2-0F244D8D5542} = {F1746A90-E25F-4719-B8F3-0F58D783DF51}
		{ABA149AF-CEF2-4365-B451-ECB894181C28} = {F1746A90-E25F-4719-B8F3-0F58D783DF51}
		{04CF6774-E7DB-4A28-9FEB-90DCECB84BA8} = {F1746A90-E25F-4719-B8F3-0F58D783DF51}
		{E385EA75-300D-4416-82F8-8EE501FCA056} = {D3170111-9222-43CC-9BC3-3F41ED37235A}
		{C53AA938-66D6-44FE-9E8D-CC917115BA62} = {36059D87-6C1C-47F2-9D98-3DA3C8C41ABC}
	EndGlobalSection
	GlobalSection(ExtensibilityGlobals) = postSolution
		SolutionGuid = {C4189632-9F3D-476B-A334-FCF7089880DC}
	EndGlobalSection
EndGlobal
